
Microsoft Visual Studio Solution File, Format Version 12.00
# Visual Studio Version 17
VisualStudioVersion = 17.0.31919.166
MinimumVisualStudioVersion = 10.0.40219.1
Project("{FAE04EC0-301F-11D3-BF4B-00C04F79EFBC}") = "PruebaGith", "PruebaGith\PruebaGith.csproj", "{D4F136A6-D13F-4FBE-96AB-10A74C6EDF2F}"
EndProject
Global
	GlobalSection(SolutionConfigurationPlatforms) = preSolution
		Debug|Any CPU = Debug|Any CPU
		Release|Any CPU = Release|Any CPU
	EndGlobalSection
	GlobalSection(ProjectConfigurationPlatforms) = postSolution
		{D4F136A6-D13F-4FBE-96AB-10A74C6EDF2F}.Debug|Any CPU.ActiveCfg = Debug|Any CPU
		{D4F136A6-D13F-4FBE-96AB-10A74C6EDF2F}.Debug|Any CPU.Build.0 = Debug|Any CPU
		{D4F136A6-D13F-4FBE-96AB-10A74C6EDF2F}.Release|Any CPU.ActiveCfg = Release|Any CPU
		{D4F136A6-D13F-4FBE-96AB-10A74C6EDF2F}.Release|Any CPU.Build.0 = Release|Any CPU
	EndGlobalSection
	GlobalSection(SolutionProperties) = preSolution
		HideSolutionNode = FALSE
	EndGlobalSection
	GlobalSection(ExtensibilityGlobals) = postSolution
		SolutionGuid = {D4EB4EFC-BA79-445C-A4E2-054FEA07FED0}
	EndGlobalSection
EndGlobal
